{
  "name": "justabot",
  "version": "1.0.0",
  "lockfileVersion": 1,
  "requires": true,
  "dependencies": {
    "VK-Promise": {
      "version": "0.3.2",
      "resolved": "https://registry.npmjs.org/VK-Promise/-/VK-Promise-0.3.2.tgz",
      "integrity": "sha512-0CYKRbkP/0s3MyT+Qq4rMwq+YZfvjKQfbxwbEdc/EMniB25+gOg+ENJxnQ7QwUP3hSy1h3R83+Ryx9F6j8/PuQ=="
    }
  }
}
